github.com/Naveen2070/Go-projects/go-grpc/common v0.0.0-20241225102957-72cdec720ce3 h1:ZI3mZxeqHB0Dd32qQhJkDlZkFYLdXNMKDn/VMkp2O/0=
github.com/Naveen2070/Go-projects/go-grpc/common v0.0.0-20241225102957-72cdec720ce3/go.mod h1:rbDKn4f0vkvFHWSAs23a9Ytz2M3FS2KjyJY0IJpUMGs=
github.com/Naveen2070/Go-projects/go-grpc/common v0.0.0-20241225105608-9dd3620776e1 h1:9fvhWi4bjst4MyqY69qnyqpUoBuN1H4EVav90jFAX3Y=
github.com/Naveen2070/Go-projects/go-grpc/common v0.0.0-20241225105608-9dd3620776e1/go.mod h1:rbDKn4f0vkvFHWSAs23a9Ytz2M3FS2KjyJY0IJpUMGs=
github.com/Naveen2070/Go-projects/go-grpc/common v0.0.0-20241225154835-3e1755ff08d3 h1:Wmt2TtJfk2/dEm2kut75SVwHEuQeGN0LSeihUOcbEPk=
github.com/Naveen2070/Go-projects/go-grpc/common v0.0.0-20241225154835-3e1755ff08d3/go.mod h1:rbDKn4f0vkvFHWSAs23a9Ytz2M3FS2KjyJY0IJpUMGs=
golang.org/x/net v0.33.0 h1:74SYHlV8BIgHIFC/LrYkOGIwL19eTYXQ5wc6TBuO36I=
golang.org/x/net v0.33.0/go.mod h1:HXLR5J+9DxmrqMwG9qjGCxZ+zKXxBru04zlTvWlWuN4=
golang.org/x/sys v0.28.0 h1:Fksou7UEQUWlKvIdsqzJmUmCX3cZuD2+P3XyyzwMhlA=
golang.org/x/sys v0.28.0/go.mod h1:/VUhepiaJMQUp4+oa/7Zr1D23ma6VTLIYjOOTFZPUcA=
golang.org/x/text v0.21.0 h1:zyQAAkrwaneQ066sspRyJaG9VNi/YJ1NfzcGB3hZ/qo=
golang.org/x/text v0.21.0/go.mod h1:4IBbMaMmOPCJ8SecivzSH54+73PCFmPWxNTLm+vZkEQ=
google.golang.org/genproto/googleapis/rpc v0.0.0-20241223144023-3abc09e42ca8 h1:TqExAhdPaB60Ux47Cn0oLV07rGnxZzIsaRhQaqS666A=
google.golang.org/genproto/googleapis/rpc v0.0.0-20241223144023-3abc09e42ca8/go.mod h1:lcTa1sDdWEIHMWlITnIczmw5w60CF9ffkb8Z+DVmmjA=
google.golang.org/grpc v1.69.2 h1:U3S9QEtbXC0bYNvRtcoklF3xGtLViumSYxWykJS+7AU=
google.golang.org/grpc v1.69.2/go.mod h1:vyjdE6jLBI76dgpDojsFGNaHlxdjXN9ghpnd2o7JGZ4=
google.golang.org/protobuf v1.36.1 h1:yBPeRvTftaleIgM3PZ/WBIZ7XM/eEYAaEyCwvyjq/gk=
google.golang.org/protobuf v1.36.1/go.mod h1:9fA7Ob0pmnwhb644+1+CVWFRbNajQ6iRojtC/QF5bRE=
